// !$*UTF8*$!
{
	archiveVersion = 1;
	classes = {
	};
	objectVersion = 46;
	objects = {

/* Begin PBXBuildFile section */
		450282B51C1EDC3F00600956 /* FormSection.swift in Sources */ = {isa = PBXBuildFile; fileRef = 450282B41C1EDC3F00600956 /* FormSection.swift */; };
		450282B71C1EDD6700600956 /* FormViewableType.swift in Sources */ = {isa = PBXBuildFile; fileRef = 450282B61C1EDD6700600956 /* FormViewableType.swift */; };
		450282B91C1EDEAF00600956 /* FormRow.swift in Sources */ = {isa = PBXBuildFile; fileRef = 450282B81C1EDEAF00600956 /* FormRow.swift */; };
		454D11451C203022003AC112 /* FormIntTextFieldView.swift in Sources */ = {isa = PBXBuildFile; fileRef = 454D11441C203022003AC112 /* FormIntTextFieldView.swift */; };
		454D11471C203B6A003AC112 /* FormTextFieldView.swift in Sources */ = {isa = PBXBuildFile; fileRef = 454D11461C203B6A003AC112 /* FormTextFieldView.swift */; };
		454D11491C204218003AC112 /* FormEmailTextFieldView.swift in Sources */ = {isa = PBXBuildFile; fileRef = 454D11481C204218003AC112 /* FormEmailTextFieldView.swift */; };
		454D114B1C204332003AC112 /* BaseStringTextFieldView.swift in Sources */ = {isa = PBXBuildFile; fileRef = 454D114A1C204332003AC112 /* BaseStringTextFieldView.swift */; };
		454D114D1C20460E003AC112 /* FormPhoneTextFieldView.swift in Sources */ = {isa = PBXBuildFile; fileRef = 454D114C1C20460E003AC112 /* FormPhoneTextFieldView.swift */; };
		454D114F1C204819003AC112 /* FormSwitchView.swift in Sources */ = {isa = PBXBuildFile; fileRef = 454D114E1C204819003AC112 /* FormSwitchView.swift */; };
		45EA8C8C1C1FF85500FD0F8C /* GTForms.h in Headers */ = {isa = PBXBuildFile; fileRef = 450282901C1ED61C00600956 /* GTForms.h */; settings = {ATTRIBUTES = (Public, ); }; };
		45EA8C8F1C1FFC5C00FD0F8C /* BaseResultFormView.swift in Sources */ = {isa = PBXBuildFile; fileRef = 45EA8C8E1C1FFC5C00FD0F8C /* BaseResultFormView.swift */; };
		45EA8C911C1FFCA000FD0F8C /* StaticForm.swift in Sources */ = {isa = PBXBuildFile; fileRef = 45EA8C901C1FFCA000FD0F8C /* StaticForm.swift */; };
		45EA8C931C1FFEFF00FD0F8C /* FormTableViewController.swift in Sources */ = {isa = PBXBuildFile; fileRef = 45EA8C921C1FFEFF00FD0F8C /* FormTableViewController.swift */; };
		45EA8C961C1FFF6B00FD0F8C /* FormTableViewCell.swift in Sources */ = {isa = PBXBuildFile; fileRef = 45EA8C951C1FFF6B00FD0F8C /* FormTableViewCell.swift */; };
		45EA8C981C1FFFC700FD0F8C /* SnapKit.framework in Frameworks */ = {isa = PBXBuildFile; fileRef = 45EA8C971C1FFFC700FD0F8C /* SnapKit.framework */; };
		45EA8CAC1C2003A900FD0F8C /* ControlLabelView.swift in Sources */ = {isa = PBXBuildFile; fileRef = 45EA8CAB1C2003A900FD0F8C /* ControlLabelView.swift */; };
		45EA8CAE1C2006AF00FD0F8C /* TextFieldView.swift in Sources */ = {isa = PBXBuildFile; fileRef = 45EA8CAD1C2006AF00FD0F8C /* TextFieldView.swift */; };
		45EA8CB01C200AAC00FD0F8C /* FormDoubleTextFieldView.swift in Sources */ = {isa = PBXBuildFile; fileRef = 45EA8CAF1C200AAC00FD0F8C /* FormDoubleTextFieldView.swift */; };
/* End PBXBuildFile section */

/* Begin PBXFileReference section */
		450282841C1ED4D000600956 /* GTForms.framework */ = {isa = PBXFileReference; explicitFileType = wrapper.framework; includeInIndex = 0; path = GTForms.framework; sourceTree = BUILT_PRODUCTS_DIR; };
		450282901C1ED61C00600956 /* GTForms.h */ = {isa = PBXFileReference; fileEncoding = 4; lastKnownFileType = sourcecode.c.h; path = GTForms.h; sourceTree = "<group>"; };
		450282941C1ED63400600956 /* Info.plist */ = {isa = PBXFileReference; fileEncoding = 4; lastKnownFileType = text.plist.xml; path = Info.plist; sourceTree = "<group>"; };
		450282B41C1EDC3F00600956 /* FormSection.swift */ = {isa = PBXFileReference; fileEncoding = 4; lastKnownFileType = sourcecode.swift; path = FormSection.swift; sourceTree = "<group>"; };
		450282B61C1EDD6700600956 /* FormViewableType.swift */ = {isa = PBXFileReference; fileEncoding = 4; lastKnownFileType = sourcecode.swift; path = FormViewableType.swift; sourceTree = "<group>"; };
		450282B81C1EDEAF00600956 /* FormRow.swift */ = {isa = PBXFileReference; fileEncoding = 4; lastKnownFileType = sourcecode.swift; path = FormRow.swift; sourceTree = "<group>"; };
		454D11441C203022003AC112 /* FormIntTextFieldView.swift */ = {isa = PBXFileReference; fileEncoding = 4; lastKnownFileType = sourcecode.swift; path = FormIntTextFieldView.swift; sourceTree = "<group>"; };
		454D11461C203B6A003AC112 /* FormTextFieldView.swift */ = {isa = PBXFileReference; fileEncoding = 4; lastKnownFileType = sourcecode.swift; path = FormTextFieldView.swift; sourceTree = "<group>"; };
		454D11481C204218003AC112 /* FormEmailTextFieldView.swift */ = {isa = PBXFileReference; fileEncoding = 4; lastKnownFileType = sourcecode.swift; path = FormEmailTextFieldView.swift; sourceTree = "<group>"; };
		454D114A1C204332003AC112 /* BaseStringTextFieldView.swift */ = {isa = PBXFileReference; fileEncoding = 4; lastKnownFileType = sourcecode.swift; path = BaseStringTextFieldView.swift; sourceTree = "<group>"; };
		454D114C1C20460E003AC112 /* FormPhoneTextFieldView.swift */ = {isa = PBXFileReference; fileEncoding = 4; lastKnownFileType = sourcecode.swift; path = FormPhoneTextFieldView.swift; sourceTree = "<group>"; };
		454D114E1C204819003AC112 /* FormSwitchView.swift */ = {isa = PBXFileReference; fileEncoding = 4; lastKnownFileType = sourcecode.swift; path = FormSwitchView.swift; sourceTree = "<group>"; };
		45EA8C8E1C1FFC5C00FD0F8C /* BaseResultFormView.swift */ = {isa = PBXFileReference; fileEncoding = 4; lastKnownFileType = sourcecode.swift; path = BaseResultFormView.swift; sourceTree = "<group>"; };
		45EA8C901C1FFCA000FD0F8C /* StaticForm.swift */ = {isa = PBXFileReference; fileEncoding = 4; lastKnownFileType = sourcecode.swift; path = StaticForm.swift; sourceTree = "<group>"; };
		45EA8C921C1FFEFF00FD0F8C /* FormTableViewController.swift */ = {isa = PBXFileReference; fileEncoding = 4; lastKnownFileType = sourcecode.swift; path = FormTableViewController.swift; sourceTree = "<group>"; };
		45EA8C951C1FFF6B00FD0F8C /* FormTableViewCell.swift */ = {isa = PBXFileReference; fileEncoding = 4; lastKnownFileType = sourcecode.swift; path = FormTableViewCell.swift; sourceTree = "<group>"; };
		45EA8C971C1FFFC700FD0F8C /* SnapKit.framework */ = {isa = PBXFileReference; lastKnownFileType = wrapper.framework; name = SnapKit.framework; path = Carthage/Build/iOS/SnapKit.framework; sourceTree = "<group>"; };
		45EA8CAB1C2003A900FD0F8C /* ControlLabelView.swift */ = {isa = PBXFileReference; fileEncoding = 4; lastKnownFileType = sourcecode.swift; path = ControlLabelView.swift; sourceTree = "<group>"; };
		45EA8CAD1C2006AF00FD0F8C /* TextFieldView.swift */ = {isa = PBXFileReference; fileEncoding = 4; lastKnownFileType = sourcecode.swift; path = TextFieldView.swift; sourceTree = "<group>"; };
		45EA8CAF1C200AAC00FD0F8C /* FormDoubleTextFieldView.swift */ = {isa = PBXFileReference; fileEncoding = 4; lastKnownFileType = sourcecode.swift; path = FormDoubleTextFieldView.swift; sourceTree = "<group>"; };
/* End PBXFileReference section */

/* Begin PBXFrameworksBuildPhase section */
		450282801C1ED4D000600956 /* Frameworks */ = {
			isa = PBXFrameworksBuildPhase;
			buildActionMask = 2147483647;
			files = (
				45EA8C981C1FFFC700FD0F8C /* SnapKit.framework in Frameworks */,
			);
			runOnlyForDeploymentPostprocessing = 0;
		};
/* End PBXFrameworksBuildPhase section */

/* Begin PBXGroup section */
		4502827A1C1ED4D000600956 = {
			isa = PBXGroup;
			children = (
				45EA8C971C1FFFC700FD0F8C /* SnapKit.framework */,
				4502828F1C1ED61C00600956 /* Source */,
				450282851C1ED4D000600956 /* Products */,
			);
			sourceTree = "<group>";
		};
		450282851C1ED4D000600956 /* Products */ = {
			isa = PBXGroup;
			children = (
				450282841C1ED4D000600956 /* GTForms.framework */,
			);
			name = Products;
			sourceTree = "<group>";
		};
		4502828F1C1ED61C00600956 /* Source */ = {
			isa = PBXGroup;
			children = (
				45EA8CA91C20032100FD0F8C /* Views */,
				45EA8C941C1FFF4A00FD0F8C /* Cells */,
				450282941C1ED63400600956 /* Info.plist */,
				450282901C1ED61C00600956 /* GTForms.h */,
				450282B41C1EDC3F00600956 /* FormSection.swift */,
				450282B61C1EDD6700600956 /* FormViewableType.swift */,
				450282B81C1EDEAF00600956 /* FormRow.swift */,
				45EA8C8E1C1FFC5C00FD0F8C /* BaseResultFormView.swift */,
				45EA8C901C1FFCA000FD0F8C /* StaticForm.swift */,
				45EA8C921C1FFEFF00FD0F8C /* FormTableViewController.swift */,
			);
			path = Source;
			sourceTree = "<group>";
		};
		45EA8C941C1FFF4A00FD0F8C /* Cells */ = {
			isa = PBXGroup;
			children = (
				45EA8C951C1FFF6B00FD0F8C /* FormTableViewCell.swift */,
			);
			path = Cells;
			sourceTree = "<group>";
		};
		45EA8CA91C20032100FD0F8C /* Views */ = {
			isa = PBXGroup;
			children = (
				45EA8CAA1C20035D00FD0F8C /* TextFields */,
				45EA8CAB1C2003A900FD0F8C /* ControlLabelView.swift */,
				454D114E1C204819003AC112 /* FormSwitchView.swift */,
			);
			path = Views;
			sourceTree = "<group>";
		};
		45EA8CAA1C20035D00FD0F8C /* TextFields */ = {
			isa = PBXGroup;
			children = (
				45EA8CAD1C2006AF00FD0F8C /* TextFieldView.swift */,
				45EA8CAF1C200AAC00FD0F8C /* FormDoubleTextFieldView.swift */,
				454D11441C203022003AC112 /* FormIntTextFieldView.swift */,
				454D11461C203B6A003AC112 /* FormTextFieldView.swift */,
				454D11481C204218003AC112 /* FormEmailTextFieldView.swift */,
				454D114A1C204332003AC112 /* BaseStringTextFieldView.swift */,
				454D114C1C20460E003AC112 /* FormPhoneTextFieldView.swift */,
			);
			path = TextFields;
			sourceTree = "<group>";
		};
/* End PBXGroup section */

/* Begin PBXHeadersBuildPhase section */
		450282811C1ED4D000600956 /* Headers */ = {
			isa = PBXHeadersBuildPhase;
			buildActionMask = 2147483647;
			files = (
				45EA8C8C1C1FF85500FD0F8C /* GTForms.h in Headers */,
			);
			runOnlyForDeploymentPostprocessing = 0;
		};
/* End PBXHeadersBuildPhase section */

/* Begin PBXNativeTarget section */
		450282831C1ED4D000600956 /* GTForms */ = {
			isa = PBXNativeTarget;
			buildConfigurationList = 4502828C1C1ED4D000600956 /* Build configuration list for PBXNativeTarget "GTForms" */;
			buildPhases = (
				4502827F1C1ED4D000600956 /* Sources */,
				450282801C1ED4D000600956 /* Frameworks */,
				450282811C1ED4D000600956 /* Headers */,
				450282821C1ED4D000600956 /* Resources */,
			);
			buildRules = (
			);
			dependencies = (
			);
			name = GTForms;
			productName = GTForms;
			productReference = 450282841C1ED4D000600956 /* GTForms.framework */;
			productType = "com.apple.product-type.framework";
		};
/* End PBXNativeTarget section */

/* Begin PBXProject section */
		4502827B1C1ED4D000600956 /* Project object */ = {
			isa = PBXProject;
			attributes = {
				LastUpgradeCheck = 0710;
				ORGANIZATIONNAME = "Giorgos Tsiapaliokas";
				TargetAttributes = {
					450282831C1ED4D000600956 = {
						CreatedOnToolsVersion = 7.1.1;
					};
				};
			};
			buildConfigurationList = 4502827E1C1ED4D000600956 /* Build configuration list for PBXProject "GTForms" */;
			compatibilityVersion = "Xcode 3.2";
			developmentRegion = English;
			hasScannedForEncodings = 0;
			knownRegions = (
				en,
			);
			mainGroup = 4502827A1C1ED4D000600956;
			productRefGroup = 450282851C1ED4D000600956 /* Products */;
			projectDirPath = "";
			projectRoot = "";
			targets = (
				450282831C1ED4D000600956 /* GTForms */,
			);
		};
/* End PBXProject section */

/* Begin PBXResourcesBuildPhase section */
		450282821C1ED4D000600956 /* Resources */ = {
			isa = PBXResourcesBuildPhase;
			buildActionMask = 2147483647;
			files = (
			);
			runOnlyForDeploymentPostprocessing = 0;
		};
/* End PBXResourcesBuildPhase section */

/* Begin PBXSourcesBuildPhase section */
		4502827F1C1ED4D000600956 /* Sources */ = {
			isa = PBXSourcesBuildPhase;
			buildActionMask = 2147483647;
			files = (
				454D114F1C204819003AC112 /* FormSwitchView.swift in Sources */,
				45EA8C8F1C1FFC5C00FD0F8C /* BaseResultFormView.swift in Sources */,
				45EA8C931C1FFEFF00FD0F8C /* FormTableViewController.swift in Sources */,
				454D114B1C204332003AC112 /* BaseStringTextFieldView.swift in Sources */,
				450282B91C1EDEAF00600956 /* FormRow.swift in Sources */,
				450282B71C1EDD6700600956 /* FormViewableType.swift in Sources */,
				45EA8C911C1FFCA000FD0F8C /* StaticForm.swift in Sources */,
				45EA8CAC1C2003A900FD0F8C /* ControlLabelView.swift in Sources */,
				454D11491C204218003AC112 /* FormEmailTextFieldView.swift in Sources */,
				450282B51C1EDC3F00600956 /* FormSection.swift in Sources */,
				454D114D1C20460E003AC112 /* FormPhoneTextFieldView.swift in Sources */,
				45EA8CB01C200AAC00FD0F8C /* FormDoubleTextFieldView.swift in Sources */,
				454D11451C203022003AC112 /* FormIntTextFieldView.swift in Sources */,
				45EA8C961C1FFF6B00FD0F8C /* FormTableViewCell.swift in Sources */,
				454D11471C203B6A003AC112 /* FormTextFieldView.swift in Sources */,
				45EA8CAE1C2006AF00FD0F8C /* TextFieldView.swift in Sources */,
			);
			runOnlyForDeploymentPostprocessing = 0;
		};
/* End PBXSourcesBuildPhase section */

/* Begin XCBuildConfiguration section */
		4502828A1C1ED4D000600956 /* Debug */ = {
			isa = XCBuildConfiguration;
			buildSettings = {
				ALWAYS_SEARCH_USER_PATHS = NO;
				CLANG_CXX_LANGUAGE_STANDARD = "gnu++0x";
				CLANG_CXX_LIBRARY = "libc++";
				CLANG_ENABLE_MODULES = YES;
				CLANG_ENABLE_OBJC_ARC = YES;
				CLANG_WARN_BOOL_CONVERSION = YES;
				CLANG_WARN_CONSTANT_CONVERSION = YES;
				CLANG_WARN_DIRECT_OBJC_ISA_USAGE = YES_ERROR;
				CLANG_WARN_EMPTY_BODY = YES;
				CLANG_WARN_ENUM_CONVERSION = YES;
				CLANG_WARN_INT_CONVERSION = YES;
				CLANG_WARN_OBJC_ROOT_CLASS = YES_ERROR;
				CLANG_WARN_UNREACHABLE_CODE = YES;
				CLANG_WARN__DUPLICATE_METHOD_MATCH = YES;
				"CODE_SIGN_IDENTITY[sdk=iphoneos*]" = "iPhone Developer";
				COPY_PHASE_STRIP = NO;
				CURRENT_PROJECT_VERSION = 1;
				DEBUG_INFORMATION_FORMAT = dwarf;
				ENABLE_STRICT_OBJC_MSGSEND = YES;
				ENABLE_TESTABILITY = YES;
				GCC_C_LANGUAGE_STANDARD = gnu99;
				GCC_DYNAMIC_NO_PIC = NO;
				GCC_NO_COMMON_BLOCKS = YES;
				GCC_OPTIMIZATION_LEVEL = 0;
				GCC_PREPROCESSOR_DEFINITIONS = (
					"DEBUG=1",
					"$(inherited)",
				);
				GCC_WARN_64_TO_32_BIT_CONVERSION = YES;
				GCC_WARN_ABOUT_RETURN_TYPE = YES_ERROR;
				GCC_WARN_UNDECLARED_SELECTOR = YES;
				GCC_WARN_UNINITIALIZED_AUTOS = YES_AGGRESSIVE;
				GCC_WARN_UNUSED_FUNCTION = YES;
				GCC_WARN_UNUSED_VARIABLE = YES;
				IPHONEOS_DEPLOYMENT_TARGET = 9.1;
				MTL_ENABLE_DEBUG_INFO = YES;
				ONLY_ACTIVE_ARCH = YES;
				SDKROOT = iphoneos;
				SWIFT_OPTIMIZATION_LEVEL = "-Onone";
				TARGETED_DEVICE_FAMILY = "1,2";
				VERSIONING_SYSTEM = "apple-generic";
				VERSION_INFO_PREFIX = "";
			};
			name = Debug;
		};
		4502828B1C1ED4D000600956 /* Release */ = {
			isa = XCBuildConfiguration;
			buildSettings = {
				ALWAYS_SEARCH_USER_PATHS = NO;
				CLANG_CXX_LANGUAGE_STANDARD = "gnu++0x";
				CLANG_CXX_LIBRARY = "libc++";
				CLANG_ENABLE_MODULES = YES;
				CLANG_ENABLE_OBJC_ARC = YES;
				CLANG_WARN_BOOL_CONVERSION = YES;
				CLANG_WARN_CONSTANT_CONVERSION = YES;
				CLANG_WARN_DIRECT_OBJC_ISA_USAGE = YES_ERROR;
				CLANG_WARN_EMPTY_BODY = YES;
				CLANG_WARN_ENUM_CONVERSION = YES;
				CLANG_WARN_INT_CONVERSION = YES;
				CLANG_WARN_OBJC_ROOT_CLASS = YES_ERROR;
				CLANG_WARN_UNREACHABLE_CODE = YES;
				CLANG_WARN__DUPLICATE_METHOD_MATCH = YES;
				"CODE_SIGN_IDENTITY[sdk=iphoneos*]" = "iPhone Developer";
				COPY_PHASE_STRIP = NO;
				CURRENT_PROJECT_VERSION = 1;
				DEBUG_INFORMATION_FORMAT = "dwarf-with-dsym";
				ENABLE_NS_ASSERTIONS = NO;
				ENABLE_STRICT_OBJC_MSGSEND = YES;
				GCC_C_LANGUAGE_STANDARD = gnu99;
				GCC_NO_COMMON_BLOCKS = YES;
				GCC_WARN_64_TO_32_BIT_CONVERSION = YES;
				GCC_WARN_ABOUT_RETURN_TYPE = YES_ERROR;
				GCC_WARN_UNDECLARED_SELECTOR = YES;
				GCC_WARN_UNINITIALIZED_AUTOS = YES_AGGRESSIVE;
				GCC_WARN_UNUSED_FUNCTION = YES;
				GCC_WARN_UNUSED_VARIABLE = YES;
				IPHONEOS_DEPLOYMENT_TARGET = 9.1;
				MTL_ENABLE_DEBUG_INFO = NO;
				SDKROOT = iphoneos;
				TARGETED_DEVICE_FAMILY = "1,2";
				VALIDATE_PRODUCT = YES;
				VERSIONING_SYSTEM = "apple-generic";
				VERSION_INFO_PREFIX = "";
			};
			name = Release;
		};
		4502828D1C1ED4D000600956 /* Debug */ = {
			isa = XCBuildConfiguration;
			buildSettings = {
				CLANG_ENABLE_MODULES = YES;
				DEFINES_MODULE = YES;
				DYLIB_COMPATIBILITY_VERSION = 1;
				DYLIB_CURRENT_VERSION = 1;
				DYLIB_INSTALL_NAME_BASE = "@rpath";
				FRAMEWORK_SEARCH_PATHS = (
					"$(inherited)",
					"$(PROJECT_DIR)/Carthage/Build/iOS",
				);
				INFOPLIST_FILE = "$(SRCROOT)/Source/Info.plist";
				INSTALL_PATH = "$(LOCAL_LIBRARY_DIR)/Frameworks";
				IPHONEOS_DEPLOYMENT_TARGET = 8.4;
				LD_RUNPATH_SEARCH_PATHS = "$(inherited) @executable_path/Frameworks @loader_path/Frameworks";
				PRODUCT_BUNDLE_IDENTIFIER = com.github.terietor.GTForms;
				PRODUCT_NAME = "$(TARGET_NAME)";
				SKIP_INSTALL = YES;
				SWIFT_OPTIMIZATION_LEVEL = "-Onone";
			};
			name = Debug;
		};
		4502828E1C1ED4D000600956 /* Release */ = {
			isa = XCBuildConfiguration;
			buildSettings = {
				CLANG_ENABLE_MODULES = YES;
				DEFINES_MODULE = YES;
				DYLIB_COMPATIBILITY_VERSION = 1;
				DYLIB_CURRENT_VERSION = 1;
				DYLIB_INSTALL_NAME_BASE = "@rpath";
				FRAMEWORK_SEARCH_PATHS = (
					"$(inherited)",
					"$(PROJECT_DIR)/Carthage/Build/iOS",
				);
				INFOPLIST_FILE = "$(SRCROOT)/Source/Info.plist";
				INSTALL_PATH = "$(LOCAL_LIBRARY_DIR)/Frameworks";
				IPHONEOS_DEPLOYMENT_TARGET = 8.4;
				LD_RUNPATH_SEARCH_PATHS = "$(inherited) @executable_path/Frameworks @loader_path/Frameworks";
				PRODUCT_BUNDLE_IDENTIFIER = com.github.terietor.GTForms;
				PRODUCT_NAME = "$(TARGET_NAME)";
				SKIP_INSTALL = YES;
			};
			name = Release;
		};
/* End XCBuildConfiguration section */

/* Begin XCConfigurationList section */
		4502827E1C1ED4D000600956 /* Build configuration list for PBXProject "GTForms" */ = {
			isa = XCConfigurationList;
			buildConfigurations = (
				4502828A1C1ED4D000600956 /* Debug */,
				4502828B1C1ED4D000600956 /* Release */,
			);
			defaultConfigurationIsVisible = 0;
			defaultConfigurationName = Release;
		};
		4502828C1C1ED4D000600956 /* Build configuration list for PBXNativeTarget "GTForms" */ = {
			isa = XCConfigurationList;
			buildConfigurations = (
				4502828D1C1ED4D000600956 /* Debug */,
				4502828E1C1ED4D000600956 /* Release */,
			);
			defaultConfigurationIsVisible = 0;
			defaultConfigurationName = Release;
		};
/* End XCConfigurationList section */
	};
	rootObject = 4502827B1C1ED4D000600956 /* Project object */;
}
