// !$*UTF8*$!
{
	archiveVersion = 1;
	classes = {
	};
	objectVersion = 46;
	objects = {

/* Begin PBXBuildFile section */
		450282A31C1ED71000600956 /* AppDelegate.swift in Sources */ = {isa = PBXBuildFile; fileRef = 450282A21C1ED71000600956 /* AppDelegate.swift */; };
		450282A81C1ED71000600956 /* Main.storyboard in Resources */ = {isa = PBXBuildFile; fileRef = 450282A61C1ED71000600956 /* Main.storyboard */; };
		450282AA1C1ED71000600956 /* Assets.xcassets in Resources */ = {isa = PBXBuildFile; fileRef = 450282A91C1ED71000600956 /* Assets.xcassets */; };
		450282AD1C1ED71000600956 /* LaunchScreen.storyboard in Resources */ = {isa = PBXBuildFile; fileRef = 450282AB1C1ED71000600956 /* LaunchScreen.storyboard */; };
		4544C0C31CD26CBF00C827AF /* SnapKit.framework in Frameworks */ = {isa = PBXBuildFile; fileRef = 4544C0C21CD26CBF00C827AF /* SnapKit.framework */; };
		455FCE1C1CEB175900E05A02 /* TableViewViewController.swift in Sources */ = {isa = PBXBuildFile; fileRef = 455FCE1B1CEB175900E05A02 /* TableViewViewController.swift */; };
		456CF9071CF4650200DF2AC6 /* TextFieldErrorsViewController.swift in Sources */ = {isa = PBXBuildFile; fileRef = 456CF9061CF4650200DF2AC6 /* TextFieldErrorsViewController.swift */; };
		457C1DCA1C808B09003BB111 /* TestKeyboardTableViewController.swift in Sources */ = {isa = PBXBuildFile; fileRef = 457C1DC91C808B09003BB111 /* TestKeyboardTableViewController.swift */; };
		4581B10C1CD2187A00A68FDE /* CustomTableViewController.swift in Sources */ = {isa = PBXBuildFile; fileRef = 4581B10B1CD2187A00A68FDE /* CustomTableViewController.swift */; };
		4594F84A1C7DE8C50089A1B9 /* DatePickersTableViewController.swift in Sources */ = {isa = PBXBuildFile; fileRef = 4594F8491C7DE8C50089A1B9 /* DatePickersTableViewController.swift */; };
		45A0D80E1C7C842A00F74609 /* SelectionFormTableViewController.swift in Sources */ = {isa = PBXBuildFile; fileRef = 45A0D80D1C7C842A00F74609 /* SelectionFormTableViewController.swift */; };
		45EA8CA01C2000DE00FD0F8C /* MainTableViewController.swift in Sources */ = {isa = PBXBuildFile; fileRef = 45EA8C9F1C2000DE00FD0F8C /* MainTableViewController.swift */; };
		45EA8CA21C2000EB00FD0F8C /* FormsVC.swift in Sources */ = {isa = PBXBuildFile; fileRef = 45EA8CA11C2000EB00FD0F8C /* FormsVC.swift */; };
		45EA8CA31C20015D00FD0F8C /* GTForms.framework in Frameworks */ = {isa = PBXBuildFile; fileRef = 45EA8C9E1C2000BC00FD0F8C /* GTForms.framework */; };
		45EA8CA41C20015D00FD0F8C /* GTForms.framework in Embed Frameworks */ = {isa = PBXBuildFile; fileRef = 45EA8C9E1C2000BC00FD0F8C /* GTForms.framework */; settings = {ATTRIBUTES = (CodeSignOnCopy, RemoveHeadersOnCopy, ); }; };
/* End PBXBuildFile section */

/* Begin PBXContainerItemProxy section */
		45EA8C9D1C2000BC00FD0F8C /* PBXContainerItemProxy */ = {
			isa = PBXContainerItemProxy;
			containerPortal = 45EA8C991C2000BC00FD0F8C /* GTForms.xcodeproj */;
			proxyType = 2;
			remoteGlobalIDString = 450282841C1ED4D000600956;
			remoteInfo = GTForms;
		};
		45EA8CA51C20015D00FD0F8C /* PBXContainerItemProxy */ = {
			isa = PBXContainerItemProxy;
			containerPortal = 45EA8C991C2000BC00FD0F8C /* GTForms.xcodeproj */;
			proxyType = 1;
			remoteGlobalIDString = 450282831C1ED4D000600956;
			remoteInfo = GTForms;
		};
/* End PBXContainerItemProxy section */

/* Begin PBXCopyFilesBuildPhase section */
		45EA8CA71C20015D00FD0F8C /* Embed Frameworks */ = {
			isa = PBXCopyFilesBuildPhase;
			buildActionMask = 2147483647;
			dstPath = "";
			dstSubfolderSpec = 10;
			files = (
				45EA8CA41C20015D00FD0F8C /* GTForms.framework in Embed Frameworks */,
			);
			name = "Embed Frameworks";
			runOnlyForDeploymentPostprocessing = 0;
		};
/* End PBXCopyFilesBuildPhase section */

/* Begin PBXFileReference section */
		4502829F1C1ED71000600956 /* Example.app */ = {isa = PBXFileReference; explicitFileType = wrapper.application; includeInIndex = 0; path = Example.app; sourceTree = BUILT_PRODUCTS_DIR; };
		450282A21C1ED71000600956 /* AppDelegate.swift */ = {isa = PBXFileReference; lastKnownFileType = sourcecode.swift; path = AppDelegate.swift; sourceTree = "<group>"; };
		450282A71C1ED71000600956 /* Base */ = {isa = PBXFileReference; lastKnownFileType = file.storyboard; name = Base; path = Base.lproj/Main.storyboard; sourceTree = "<group>"; };
		450282A91C1ED71000600956 /* Assets.xcassets */ = {isa = PBXFileReference; lastKnownFileType = folder.assetcatalog; path = Assets.xcassets; sourceTree = "<group>"; };
		450282AC1C1ED71000600956 /* Base */ = {isa = PBXFileReference; lastKnownFileType = file.storyboard; name = Base; path = Base.lproj/LaunchScreen.storyboard; sourceTree = "<group>"; };
		450282AE1C1ED71000600956 /* Info.plist */ = {isa = PBXFileReference; lastKnownFileType = text.plist.xml; path = Info.plist; sourceTree = "<group>"; };
		4544C0C21CD26CBF00C827AF /* SnapKit.framework */ = {isa = PBXFileReference; lastKnownFileType = wrapper.framework; name = SnapKit.framework; path = Carthage/Build/iOS/SnapKit.framework; sourceTree = "<group>"; };
		455FCE1B1CEB175900E05A02 /* TableViewViewController.swift */ = {isa = PBXFileReference; fileEncoding = 4; lastKnownFileType = sourcecode.swift; path = TableViewViewController.swift; sourceTree = "<group>"; };
		456CF9061CF4650200DF2AC6 /* TextFieldErrorsViewController.swift */ = {isa = PBXFileReference; fileEncoding = 4; lastKnownFileType = sourcecode.swift; path = TextFieldErrorsViewController.swift; sourceTree = "<group>"; };
		457C1DC91C808B09003BB111 /* TestKeyboardTableViewController.swift */ = {isa = PBXFileReference; fileEncoding = 4; lastKnownFileType = sourcecode.swift; path = TestKeyboardTableViewController.swift; sourceTree = "<group>"; };
		4581B10B1CD2187A00A68FDE /* CustomTableViewController.swift */ = {isa = PBXFileReference; fileEncoding = 4; lastKnownFileType = sourcecode.swift; path = CustomTableViewController.swift; sourceTree = "<group>"; };
		4594F8491C7DE8C50089A1B9 /* DatePickersTableViewController.swift */ = {isa = PBXFileReference; fileEncoding = 4; lastKnownFileType = sourcecode.swift; path = DatePickersTableViewController.swift; sourceTree = "<group>"; };
		45A0D80D1C7C842A00F74609 /* SelectionFormTableViewController.swift */ = {isa = PBXFileReference; fileEncoding = 4; lastKnownFileType = sourcecode.swift; path = SelectionFormTableViewController.swift; sourceTree = "<group>"; };
		45EA8C991C2000BC00FD0F8C /* GTForms.xcodeproj */ = {isa = PBXFileReference; lastKnownFileType = "wrapper.pb-project"; path = GTForms.xcodeproj; sourceTree = "<group>"; };
		45EA8C9F1C2000DE00FD0F8C /* MainTableViewController.swift */ = {isa = PBXFileReference; fileEncoding = 4; lastKnownFileType = sourcecode.swift; path = MainTableViewController.swift; sourceTree = "<group>"; };
		45EA8CA11C2000EB00FD0F8C /* FormsVC.swift */ = {isa = PBXFileReference; fileEncoding = 4; lastKnownFileType = sourcecode.swift; path = FormsVC.swift; sourceTree = "<group>"; };
/* End PBXFileReference section */

/* Begin PBXFrameworksBuildPhase section */
		4502829C1C1ED71000600956 /* Frameworks */ = {
			isa = PBXFrameworksBuildPhase;
			buildActionMask = 2147483647;
			files = (
				45EA8CA31C20015D00FD0F8C /* GTForms.framework in Frameworks */,
				4544C0C31CD26CBF00C827AF /* SnapKit.framework in Frameworks */,
			);
			runOnlyForDeploymentPostprocessing = 0;
		};
/* End PBXFrameworksBuildPhase section */

/* Begin PBXGroup section */
		450282961C1ED71000600956 = {
			isa = PBXGroup;
			children = (
				4544C0C21CD26CBF00C827AF /* SnapKit.framework */,
				45EA8C991C2000BC00FD0F8C /* GTForms.xcodeproj */,
				450282A11C1ED71000600956 /* Example */,
				450282A01C1ED71000600956 /* Products */,
			);
			sourceTree = "<group>";
		};
		450282A01C1ED71000600956 /* Products */ = {
			isa = PBXGroup;
			children = (
				4502829F1C1ED71000600956 /* Example.app */,
			);
			name = Products;
			sourceTree = "<group>";
		};
		450282A11C1ED71000600956 /* Example */ = {
			isa = PBXGroup;
			children = (
				456CF9061CF4650200DF2AC6 /* TextFieldErrorsViewController.swift */,
				450282A21C1ED71000600956 /* AppDelegate.swift */,
				450282A61C1ED71000600956 /* Main.storyboard */,
				450282A91C1ED71000600956 /* Assets.xcassets */,
				450282AB1C1ED71000600956 /* LaunchScreen.storyboard */,
				450282AE1C1ED71000600956 /* Info.plist */,
				45EA8C9F1C2000DE00FD0F8C /* MainTableViewController.swift */,
				45EA8CA11C2000EB00FD0F8C /* FormsVC.swift */,
				45A0D80D1C7C842A00F74609 /* SelectionFormTableViewController.swift */,
				4594F8491C7DE8C50089A1B9 /* DatePickersTableViewController.swift */,
				457C1DC91C808B09003BB111 /* TestKeyboardTableViewController.swift */,
				4581B10B1CD2187A00A68FDE /* CustomTableViewController.swift */,
				455FCE1B1CEB175900E05A02 /* TableViewViewController.swift */,
			);
			path = Example;
			sourceTree = "<group>";
		};
		45EA8C9A1C2000BC00FD0F8C /* Products */ = {
			isa = PBXGroup;
			children = (
				45EA8C9E1C2000BC00FD0F8C /* GTForms.framework */,
			);
			name = Products;
			sourceTree = "<group>";
		};
/* End PBXGroup section */

/* Begin PBXNativeTarget section */
		4502829E1C1ED71000600956 /* Example */ = {
			isa = PBXNativeTarget;
			buildConfigurationList = 450282B11C1ED71000600956 /* Build configuration list for PBXNativeTarget "Example" */;
			buildPhases = (
				4502829B1C1ED71000600956 /* Sources */,
				4502829C1C1ED71000600956 /* Frameworks */,
				4502829D1C1ED71000600956 /* Resources */,
				45EA8CA71C20015D00FD0F8C /* Embed Frameworks */,
				45EA8CA81C20018300FD0F8C /* ShellScript */,
			);
			buildRules = (
			);
			dependencies = (
				45EA8CA61C20015D00FD0F8C /* PBXTargetDependency */,
			);
			name = Example;
			productName = Example;
			productReference = 4502829F1C1ED71000600956 /* Example.app */;
			productType = "com.apple.product-type.application";
		};
/* End PBXNativeTarget section */

/* Begin PBXProject section */
		450282971C1ED71000600956 /* Project object */ = {
			isa = PBXProject;
			attributes = {
				LastSwiftUpdateCheck = 0710;
				LastUpgradeCheck = 0800;
				ORGANIZATIONNAME = "Giorgos Tsiapaliokas";
				TargetAttributes = {
					4502829E1C1ED71000600956 = {
						CreatedOnToolsVersion = 7.1.1;
						LastSwiftMigration = 0800;
					};
				};
			};
			buildConfigurationList = 4502829A1C1ED71000600956 /* Build configuration list for PBXProject "Example" */;
			compatibilityVersion = "Xcode 3.2";
			developmentRegion = English;
			hasScannedForEncodings = 0;
			knownRegions = (
				en,
				Base,
			);
			mainGroup = 450282961C1ED71000600956;
			productRefGroup = 450282A01C1ED71000600956 /* Products */;
			projectDirPath = "";
			projectReferences = (
				{
					ProductGroup = 45EA8C9A1C2000BC00FD0F8C /* Products */;
					ProjectRef = 45EA8C991C2000BC00FD0F8C /* GTForms.xcodeproj */;
				},
			);
			projectRoot = "";
			targets = (
				4502829E1C1ED71000600956 /* Example */,
			);
		};
/* End PBXProject section */

/* Begin PBXReferenceProxy section */
		45EA8C9E1C2000BC00FD0F8C /* GTForms.framework */ = {
			isa = PBXReferenceProxy;
			fileType = wrapper.framework;
			path = GTForms.framework;
			remoteRef = 45EA8C9D1C2000BC00FD0F8C /* PBXContainerItemProxy */;
			sourceTree = BUILT_PRODUCTS_DIR;
		};
/* End PBXReferenceProxy section */

/* Begin PBXResourcesBuildPhase section */
		4502829D1C1ED71000600956 /* Resources */ = {
			isa = PBXResourcesBuildPhase;
			buildActionMask = 2147483647;
			files = (
				450282AD1C1ED71000600956 /* LaunchScreen.storyboard in Resources */,
				450282AA1C1ED71000600956 /* Assets.xcassets in Resources */,
				450282A81C1ED71000600956 /* Main.storyboard in Resources */,
			);
			runOnlyForDeploymentPostprocessing = 0;
		};
/* End PBXResourcesBuildPhase section */

/* Begin PBXShellScriptBuildPhase section */
		45EA8CA81C20018300FD0F8C /* ShellScript */ = {
			isa = PBXShellScriptBuildPhase;
			buildActionMask = 2147483647;
			files = (
			);
			inputPaths = (
				"$(SRCROOT)/Carthage/Build/iOS/SnapKit.framework",
				"$(SRCROOT)/Carthage/Build/iOS/GTSegmentedControl.framework",
			);
			outputPaths = (
			);
			runOnlyForDeploymentPostprocessing = 0;
			shellPath = /bin/sh;
			shellScript = "/usr/local/bin/carthage copy-frameworks";
		};
/* End PBXShellScriptBuildPhase section */

/* Begin PBXSourcesBuildPhase section */
		4502829B1C1ED71000600956 /* Sources */ = {
			isa = PBXSourcesBuildPhase;
			buildActionMask = 2147483647;
			files = (
				4594F84A1C7DE8C50089A1B9 /* DatePickersTableViewController.swift in Sources */,
				45EA8CA01C2000DE00FD0F8C /* MainTableViewController.swift in Sources */,
				455FCE1C1CEB175900E05A02 /* TableViewViewController.swift in Sources */,
				457C1DCA1C808B09003BB111 /* TestKeyboardTableViewController.swift in Sources */,
				450282A31C1ED71000600956 /* AppDelegate.swift in Sources */,
				45A0D80E1C7C842A00F74609 /* SelectionFormTableViewController.swift in Sources */,
				4581B10C1CD2187A00A68FDE /* CustomTableViewController.swift in Sources */,
				456CF9071CF4650200DF2AC6 /* TextFieldErrorsViewController.swift in Sources */,
				45EA8CA21C2000EB00FD0F8C /* FormsVC.swift in Sources */,
			);
			runOnlyForDeploymentPostprocessing = 0;
		};
/* End PBXSourcesBuildPhase section */

/* Begin PBXTargetDependency section */
		45EA8CA61C20015D00FD0F8C /* PBXTargetDependency */ = {
			isa = PBXTargetDependency;
			name = GTForms;
			targetProxy = 45EA8CA51C20015D00FD0F8C /* PBXContainerItemProxy */;
		};
/* End PBXTargetDependency section */

/* Begin PBXVariantGroup section */
		450282A61C1ED71000600956 /* Main.storyboard */ = {
			isa = PBXVariantGroup;
			children = (
				450282A71C1ED71000600956 /* Base */,
			);
			name = Main.storyboard;
			sourceTree = "<group>";
		};
		450282AB1C1ED71000600956 /* LaunchScreen.storyboard */ = {
			isa = PBXVariantGroup;
			children = (
				450282AC1C1ED71000600956 /* Base */,
			);
			name = LaunchScreen.storyboard;
			sourceTree = "<group>";
		};
/* End PBXVariantGroup section */

/* Begin XCBuildConfiguration section */
		450282AF1C1ED71000600956 /* Debug */ = {
			isa = XCBuildConfiguration;
			buildSettings = {
				ALWAYS_SEARCH_USER_PATHS = NO;
				CLANG_CXX_LANGUAGE_STANDARD = "gnu++0x";
				CLANG_CXX_LIBRARY = "libc++";
				CLANG_ENABLE_MODULES = YES;
				CLANG_ENABLE_OBJC_ARC = YES;
				CLANG_WARN_BOOL_CONVERSION = YES;
				CLANG_WARN_CONSTANT_CONVERSION = YES;
				CLANG_WARN_DIRECT_OBJC_ISA_USAGE = YES_ERROR;
				CLANG_WARN_EMPTY_BODY = YES;
				CLANG_WARN_ENUM_CONVERSION = YES;
				CLANG_WARN_INFINITE_RECURSION = YES;
				CLANG_WARN_INT_CONVERSION = YES;
				CLANG_WARN_OBJC_ROOT_CLASS = YES_ERROR;
				CLANG_WARN_SUSPICIOUS_MOVE = YES;
				CLANG_WARN_UNREACHABLE_CODE = YES;
				CLANG_WARN__DUPLICATE_METHOD_MATCH = YES;
				"CODE_SIGN_IDENTITY[sdk=iphoneos*]" = "iPhone Developer";
				COPY_PHASE_STRIP = NO;
				DEBUG_INFORMATION_FORMAT = dwarf;
				ENABLE_STRICT_OBJC_MSGSEND = YES;
				ENABLE_TESTABILITY = YES;
				GCC_C_LANGUAGE_STANDARD = gnu99;
				GCC_DYNAMIC_NO_PIC = NO;
				GCC_NO_COMMON_BLOCKS = YES;
				GCC_OPTIMIZATION_LEVEL = 0;
				GCC_PREPROCESSOR_DEFINITIONS = (
					"DEBUG=1",
					"$(inherited)",
				);
				GCC_WARN_64_TO_32_BIT_CONVERSION = YES;
				GCC_WARN_ABOUT_RETURN_TYPE = YES_ERROR;
				GCC_WARN_UNDECLARED_SELECTOR = YES;
				GCC_WARN_UNINITIALIZED_AUTOS = YES_AGGRESSIVE;
				GCC_WARN_UNUSED_FUNCTION = YES;
				GCC_WARN_UNUSED_VARIABLE = YES;
				IPHONEOS_DEPLOYMENT_TARGET = 9.1;
				MTL_ENABLE_DEBUG_INFO = YES;
				ONLY_ACTIVE_ARCH = YES;
				SDKROOT = iphoneos;
				SWIFT_OPTIMIZATION_LEVEL = "-Onone";
				TARGETED_DEVICE_FAMILY = "1,2";
			};
			name = Debug;
		};
		450282B01C1ED71000600956 /* Release */ = {
			isa = XCBuildConfiguration;
			buildSettings = {
				ALWAYS_SEARCH_USER_PATHS = NO;
				CLANG_CXX_LANGUAGE_STANDARD = "gnu++0x";
				CLANG_CXX_LIBRARY = "libc++";
				CLANG_ENABLE_MODULES = YES;
				CLANG_ENABLE_OBJC_ARC = YES;
				CLANG_WARN_BOOL_CONVERSION = YES;
				CLANG_WARN_CONSTANT_CONVERSION = YES;
				CLANG_WARN_DIRECT_OBJC_ISA_USAGE = YES_ERROR;
				CLANG_WARN_EMPTY_BODY = YES;
				CLANG_WARN_ENUM_CONVERSION = YES;
				CLANG_WARN_INFINITE_RECURSION = YES;
				CLANG_WARN_INT_CONVERSION = YES;
				CLANG_WARN_OBJC_ROOT_CLASS = YES_ERROR;
				CLANG_WARN_SUSPICIOUS_MOVE = YES;
				CLANG_WARN_UNREACHABLE_CODE = YES;
				CLANG_WARN__DUPLICATE_METHOD_MATCH = YES;
				"CODE_SIGN_IDENTITY[sdk=iphoneos*]" = "iPhone Developer";
				COPY_PHASE_STRIP = NO;
				DEBUG_INFORMATION_FORMAT = "dwarf-with-dsym";
				ENABLE_NS_ASSERTIONS = NO;
				ENABLE_STRICT_OBJC_MSGSEND = YES;
				GCC_C_LANGUAGE_STANDARD = gnu99;
				GCC_NO_COMMON_BLOCKS = YES;
				GCC_WARN_64_TO_32_BIT_CONVERSION = YES;
				GCC_WARN_ABOUT_RETURN_TYPE = YES_ERROR;
				GCC_WARN_UNDECLARED_SELECTOR = YES;
				GCC_WARN_UNINITIALIZED_AUTOS = YES_AGGRESSIVE;
				GCC_WARN_UNUSED_FUNCTION = YES;
				GCC_WARN_UNUSED_VARIABLE = YES;
				IPHONEOS_DEPLOYMENT_TARGET = 9.1;
				MTL_ENABLE_DEBUG_INFO = NO;
				SDKROOT = iphoneos;
				SWIFT_OPTIMIZATION_LEVEL = "-Owholemodule";
				TARGETED_DEVICE_FAMILY = "1,2";
				VALIDATE_PRODUCT = YES;
			};
			name = Release;
		};
		450282B21C1ED71000600956 /* Debug */ = {
			isa = XCBuildConfiguration;
			buildSettings = {
				ALWAYS_EMBED_SWIFT_STANDARD_LIBRARIES = YES;
				ASSETCATALOG_COMPILER_APPICON_NAME = AppIcon;
				FRAMEWORK_SEARCH_PATHS = (
					"$(inherited)",
					"$(PROJECT_DIR)/Carthage/Build/iOS",
				);
				INFOPLIST_FILE = Example/Info.plist;
				IPHONEOS_DEPLOYMENT_TARGET = 9.0;
				LD_RUNPATH_SEARCH_PATHS = "$(inherited) @executable_path/Frameworks";
				PRODUCT_BUNDLE_IDENTIFIER = com.github.terietor.Example;
				PRODUCT_NAME = "$(TARGET_NAME)";
				SWIFT_VERSION = 3.0;
			};
			name = Debug;
		};
		450282B31C1ED71000600956 /* Release */ = {
			isa = XCBuildConfiguration;
			buildSettings = {
				ALWAYS_EMBED_SWIFT_STANDARD_LIBRARIES = YES;
				ASSETCATALOG_COMPILER_APPICON_NAME = AppIcon;
				FRAMEWORK_SEARCH_PATHS = (
					"$(inherited)",
					"$(PROJECT_DIR)/Carthage/Build/iOS",
				);
				INFOPLIST_FILE = Example/Info.plist;
				IPHONEOS_DEPLOYMENT_TARGET = 9.0;
				LD_RUNPATH_SEARCH_PATHS = "$(inherited) @executable_path/Frameworks";
				PRODUCT_BUNDLE_IDENTIFIER = com.github.terietor.Example;
				PRODUCT_NAME = "$(TARGET_NAME)";
				SWIFT_VERSION = 3.0;
			};
			name = Release;
		};
/* End XCBuildConfiguration section */

/* Begin XCConfigurationList section */
		4502829A1C1ED71000600956 /* Build configuration list for PBXProject "Example" */ = {
			isa = XCConfigurationList;
			buildConfigurations = (
				450282AF1C1ED71000600956 /* Debug */,
				450282B01C1ED71000600956 /* Release */,
			);
			defaultConfigurationIsVisible = 0;
			defaultConfigurationName = Release;
		};
		450282B11C1ED71000600956 /* Build configuration list for PBXNativeTarget "Example" */ = {
			isa = XCConfigurationList;
			buildConfigurations = (
				450282B21C1ED71000600956 /* Debug */,
				450282B31C1ED71000600956 /* Release */,
			);
			defaultConfigurationIsVisible = 0;
			defaultConfigurationName = Release;
		};
/* End XCConfigurationList section */
	};
	rootObject = 450282971C1ED71000600956 /* Project object */;
}
